
Microsoft Visual Studio Solution File, Format Version 12.00
# Visual Studio Version 17
VisualStudioVersion = 17.5.33424.131
MinimumVisualStudioVersion = 10.0.40219.1
Project("{FAE04EC0-301F-11D3-BF4B-00C04F79EFBC}") = "RecursivitateVizual", "RecursivitateVizual\RecursivitateVizual.csproj", "{640EC2D1-22A2-4ADE-BB0C-ED750AC45DDA}"
EndProject
Global
	GlobalSection(SolutionConfigurationPlatforms) = preSolution
		Debug|Any CPU = Debug|Any CPU
		Release|Any CPU = Release|Any CPU
	EndGlobalSection
	GlobalSection(ProjectConfigurationPlatforms) = postSolution
		{640EC2D1-22A2-4ADE-BB0C-ED750AC45DDA}.Debug|Any CPU.ActiveCfg = Debug|Any CPU
		{640EC2D1-22A2-4ADE-BB0C-ED750AC45DDA}.Debug|Any CPU.Build.0 = Debug|Any CPU
		{640EC2D1-22A2-4ADE-BB0C-ED750AC45DDA}.Release|Any CPU.ActiveCfg = Release|Any CPU
		{640EC2D1-22A2-4ADE-BB0C-ED750AC45DDA}.Release|Any CPU.Build.0 = Release|Any CPU
	EndGlobalSection
	GlobalSection(SolutionProperties) = preSolution
		HideSolutionNode = FALSE
	EndGlobalSection
	GlobalSection(ExtensibilityGlobals) = postSolution
		SolutionGuid = {2D3FE5C1-F1CA-463E-834E-E40D84D7DF38}
	EndGlobalSection
EndGlobal
