
Microsoft Visual Studio Solution File, Format Version 12.00
# Visual Studio Version 17
VisualStudioVersion = 17.5.33424.131
MinimumVisualStudioVersion = 10.0.40219.1
Project("{FAE04EC0-301F-11D3-BF4B-00C04F79EFBC}") = "ListaCoadaStiva", "ListaCoadaStiva\ListaCoadaStiva.csproj", "{9C388D5B-9BEB-4F4E-8E96-40EF4E1B41D2}"
EndProject
Global
	GlobalSection(SolutionConfigurationPlatforms) = preSolution
		Debug|Any CPU = Debug|Any CPU
		Release|Any CPU = Release|Any CPU
	EndGlobalSection
	GlobalSection(ProjectConfigurationPlatforms) = postSolution
		{9C388D5B-9BEB-4F4E-8E96-40EF4E1B41D2}.Debug|Any CPU.ActiveCfg = Debug|Any CPU
		{9C388D5B-9BEB-4F4E-8E96-40EF4E1B41D2}.Debug|Any CPU.Build.0 = Debug|Any CPU
		{9C388D5B-9BEB-4F4E-8E96-40EF4E1B41D2}.Release|Any CPU.ActiveCfg = Release|Any CPU
		{9C388D5B-9BEB-4F4E-8E96-40EF4E1B41D2}.Release|Any CPU.Build.0 = Release|Any CPU
	EndGlobalSection
	GlobalSection(SolutionProperties) = preSolution
		HideSolutionNode = FALSE
	EndGlobalSection
	GlobalSection(ExtensibilityGlobals) = postSolution
		SolutionGuid = {4DB20A7E-BC23-4BFC-A6F6-EF9FECA593E2}
	EndGlobalSection
EndGlobal
