
Microsoft Visual Studio Solution File, Format Version 12.00
# Visual Studio Version 17
VisualStudioVersion = 17.5.33424.131
MinimumVisualStudioVersion = 10.0.40219.1
Project("{FAE04EC0-301F-11D3-BF4B-00C04F79EFBC}") = "Recursivitate_Backtracking", "Recursivitate_Backtracking\Recursivitate_Backtracking.csproj", "{92D46A3E-817A-4B3F-A884-5E8250BD1F9A}"
EndProject
Global
	GlobalSection(SolutionConfigurationPlatforms) = preSolution
		Debug|Any CPU = Debug|Any CPU
		Release|Any CPU = Release|Any CPU
	EndGlobalSection
	GlobalSection(ProjectConfigurationPlatforms) = postSolution
		{92D46A3E-817A-4B3F-A884-5E8250BD1F9A}.Debug|Any CPU.ActiveCfg = Debug|Any CPU
		{92D46A3E-817A-4B3F-A884-5E8250BD1F9A}.Debug|Any CPU.Build.0 = Debug|Any CPU
		{92D46A3E-817A-4B3F-A884-5E8250BD1F9A}.Release|Any CPU.ActiveCfg = Release|Any CPU
		{92D46A3E-817A-4B3F-A884-5E8250BD1F9A}.Release|Any CPU.Build.0 = Release|Any CPU
	EndGlobalSection
	GlobalSection(SolutionProperties) = preSolution
		HideSolutionNode = FALSE
	EndGlobalSection
	GlobalSection(ExtensibilityGlobals) = postSolution
		SolutionGuid = {6167C578-F8D2-419E-A078-1D22F5A09D8D}
	EndGlobalSection
EndGlobal
