
Microsoft Visual Studio Solution File, Format Version 12.00
# Visual Studio Version 17
VisualStudioVersion = 17.5.33424.131
MinimumVisualStudioVersion = 10.0.40219.1
Project("{FAE04EC0-301F-11D3-BF4B-00C04F79EFBC}") = "TurnuriHanoi", "TurnuriHanoi\TurnuriHanoi.csproj", "{4B35AF93-7670-4D74-BAFD-DDD6D351615B}"
EndProject
Global
	GlobalSection(SolutionConfigurationPlatforms) = preSolution
		Debug|Any CPU = Debug|Any CPU
		Release|Any CPU = Release|Any CPU
	EndGlobalSection
	GlobalSection(ProjectConfigurationPlatforms) = postSolution
		{4B35AF93-7670-4D74-BAFD-DDD6D351615B}.Debug|Any CPU.ActiveCfg = Debug|Any CPU
		{4B35AF93-7670-4D74-BAFD-DDD6D351615B}.Debug|Any CPU.Build.0 = Debug|Any CPU
		{4B35AF93-7670-4D74-BAFD-DDD6D351615B}.Release|Any CPU.ActiveCfg = Release|Any CPU
		{4B35AF93-7670-4D74-BAFD-DDD6D351615B}.Release|Any CPU.Build.0 = Release|Any CPU
	EndGlobalSection
	GlobalSection(SolutionProperties) = preSolution
		HideSolutionNode = FALSE
	EndGlobalSection
	GlobalSection(ExtensibilityGlobals) = postSolution
		SolutionGuid = {3A1A850E-A883-4464-8DD9-EEF15CA2764D}
	EndGlobalSection
EndGlobal
