
Microsoft Visual Studio Solution File, Format Version 12.00
# Visual Studio Version 17
VisualStudioVersion = 17.5.33424.131
MinimumVisualStudioVersion = 10.0.40219.1
Project("{FAE04EC0-301F-11D3-BF4B-00C04F79EFBC}") = "TowerDefence", "TowerDefence\TowerDefence.csproj", "{71C0209E-4ADC-4C10-AF0B-D5281FF7B837}"
EndProject
Global
	GlobalSection(SolutionConfigurationPlatforms) = preSolution
		Debug|Any CPU = Debug|Any CPU
		Release|Any CPU = Release|Any CPU
	EndGlobalSection
	GlobalSection(ProjectConfigurationPlatforms) = postSolution
		{71C0209E-4ADC-4C10-AF0B-D5281FF7B837}.Debug|Any CPU.ActiveCfg = Debug|Any CPU
		{71C0209E-4ADC-4C10-AF0B-D5281FF7B837}.Debug|Any CPU.Build.0 = Debug|Any CPU
		{71C0209E-4ADC-4C10-AF0B-D5281FF7B837}.Release|Any CPU.ActiveCfg = Release|Any CPU
		{71C0209E-4ADC-4C10-AF0B-D5281FF7B837}.Release|Any CPU.Build.0 = Release|Any CPU
	EndGlobalSection
	GlobalSection(SolutionProperties) = preSolution
		HideSolutionNode = FALSE
	EndGlobalSection
	GlobalSection(ExtensibilityGlobals) = postSolution
		SolutionGuid = {1FD6DBC2-1C1C-4735-97B2-EC0643C383E3}
	EndGlobalSection
EndGlobal
