
Microsoft Visual Studio Solution File, Format Version 12.00
# Visual Studio Version 17
VisualStudioVersion = 17.5.33424.131
MinimumVisualStudioVersion = 10.0.40219.1
Project("{FAE04EC0-301F-11D3-BF4B-00C04F79EFBC}") = "MatriciVizual", "MatriciVizual\MatriciVizual.csproj", "{5BFB4F5D-587A-4F15-AD58-F6E80C569593}"
EndProject
Global
	GlobalSection(SolutionConfigurationPlatforms) = preSolution
		Debug|Any CPU = Debug|Any CPU
		Release|Any CPU = Release|Any CPU
	EndGlobalSection
	GlobalSection(ProjectConfigurationPlatforms) = postSolution
		{5BFB4F5D-587A-4F15-AD58-F6E80C569593}.Debug|Any CPU.ActiveCfg = Debug|Any CPU
		{5BFB4F5D-587A-4F15-AD58-F6E80C569593}.Debug|Any CPU.Build.0 = Debug|Any CPU
		{5BFB4F5D-587A-4F15-AD58-F6E80C569593}.Release|Any CPU.ActiveCfg = Release|Any CPU
		{5BFB4F5D-587A-4F15-AD58-F6E80C569593}.Release|Any CPU.Build.0 = Release|Any CPU
	EndGlobalSection
	GlobalSection(SolutionProperties) = preSolution
		HideSolutionNode = FALSE
	EndGlobalSection
	GlobalSection(ExtensibilityGlobals) = postSolution
		SolutionGuid = {BF707780-94C4-4266-B17E-3EE06FD3F29A}
	EndGlobalSection
EndGlobal
